{
  "version": 4,
  "terraform_version": "1.2.5",
  "serial": 4,
  "lineage": "f6226d2c-0ad3-6fd9-e1f7-b85c457b86de",
  "outputs": {},
  "resources": [
    {
      "mode": "managed",
      "type": "yandex_storage_bucket",
      "name": "diplomabucket1",
      "provider": "provider[\"registry.terraform.io/yandex-cloud/yandex\"]",
      "instances": [
        {
          "schema_version": 0,
          "attributes": {
            "access_key": "YCAJEZavO9m1ZXwmnRgME3Sci",
            "acl": "private",
            "anonymous_access_flags": [
              {
                "list": false,
                "read": false
              }
            ],
            "bucket": "diplomabucket1",
            "bucket_domain_name": "diplomabucket1.storage.yandexcloud.net",
            "bucket_prefix": null,
            "cors_rule": [],
            "default_storage_class": "STANDARD",
            "folder_id": "b1ggm5c63bsod5kmc3cg",
            "force_destroy": false,
            "grant": [],
            "https": [],
            "id": "diplomabucket1",
            "lifecycle_rule": [],
            "logging": [],
            "max_size": 0,
            "policy": "",
            "secret_key": "YCMK0KGedZY_8rJlheGESuN8a8_aSSyEOtlK_MNs",
            "server_side_encryption_configuration": [],
            "versioning": [
              {
                "enabled": false
              }
            ],
            "website": [],
            "website_domain": null,
            "website_endpoint": null
          },
          "sensitive_attributes": [],
          "private": "bnVsbA=="
        }
      ]
    }
  ]
}
